
Microsoft Visual Studio Solution File, Format Version 12.00
# Visual Studio 15
VisualStudioVersion = 15.0.28307.168
MinimumVisualStudioVersion = 10.0.40219.1
Project("{8BC9CEB8-8B4A-11D0-8D11-00A0C91BC942}") = "1 - MemberInitializerList", "cplusplusdemos\cplusplusdemos.vcxproj", "{228EAE7E-9D8D-4FA5-9B60-0C54DF29AFC3}"
EndProject
Project("{8BC9CEB8-8B4A-11D0-8D11-00A0C91BC942}") = "2 - ExplicitConstructor", "2 - ExplicitConstructor\2 - ExplicitConstructor.vcxproj", "{90BFD22A-D25C-457D-B99B-765D61D5867E}"
EndProject
Project("{8BC9CEB8-8B4A-11D0-8D11-00A0C91BC942}") = "3 - Explicit vs Implicit", "3 - Explicit vs Implicit\3 - Explicit vs Implicit.vcxproj", "{FB33D744-F242-490E-87C9-B2DEA362D069}"
EndProject
Global
	GlobalSection(SolutionConfigurationPlatforms) = preSolution
		Debug|x64 = Debug|x64
		Debug|x86 = Debug|x86
		Release|x64 = Release|x64
		Release|x86 = Release|x86
	EndGlobalSection
	GlobalSection(ProjectConfigurationPlatforms) = postSolution
		{228EAE7E-9D8D-4FA5-9B60-0C54DF29AFC3}.Debug|x64.ActiveCfg = Debug|x64
		{228EAE7E-9D8D-4FA5-9B60-0C54DF29AFC3}.Debug|x64.Build.0 = Debug|x64
		{228EAE7E-9D8D-4FA5-9B60-0C54DF29AFC3}.Debug|x86.ActiveCfg = Debug|Win32
		{228EAE7E-9D8D-4FA5-9B60-0C54DF29AFC3}.Debug|x86.Build.0 = Debug|Win32
		{228EAE7E-9D8D-4FA5-9B60-0C54DF29AFC3}.Release|x64.ActiveCfg = Release|x64
		{228EAE7E-9D8D-4FA5-9B60-0C54DF29AFC3}.Release|x64.Build.0 = Release|x64
		{228EAE7E-9D8D-4FA5-9B60-0C54DF29AFC3}.Release|x86.ActiveCfg = Release|Win32
		{228EAE7E-9D8D-4FA5-9B60-0C54DF29AFC3}.Release|x86.Build.0 = Release|Win32
		{90BFD22A-D25C-457D-B99B-765D61D5867E}.Debug|x64.ActiveCfg = Debug|x64
		{90BFD22A-D25C-457D-B99B-765D61D5867E}.Debug|x64.Build.0 = Debug|x64
		{90BFD22A-D25C-457D-B99B-765D61D5867E}.Debug|x86.ActiveCfg = Debug|Win32
		{90BFD22A-D25C-457D-B99B-765D61D5867E}.Debug|x86.Build.0 = Debug|Win32
		{90BFD22A-D25C-457D-B99B-765D61D5867E}.Release|x64.ActiveCfg = Release|x64
		{90BFD22A-D25C-457D-B99B-765D61D5867E}.Release|x64.Build.0 = Release|x64
		{90BFD22A-D25C-457D-B99B-765D61D5867E}.Release|x86.ActiveCfg = Release|Win32
		{90BFD22A-D25C-457D-B99B-765D61D5867E}.Release|x86.Build.0 = Release|Win32
		{FB33D744-F242-490E-87C9-B2DEA362D069}.Debug|x64.ActiveCfg = Debug|x64
		{FB33D744-F242-490E-87C9-B2DEA362D069}.Debug|x64.Build.0 = Debug|x64
		{FB33D744-F242-490E-87C9-B2DEA362D069}.Debug|x86.ActiveCfg = Debug|Win32
		{FB33D744-F242-490E-87C9-B2DEA362D069}.Debug|x86.Build.0 = Debug|Win32
		{FB33D744-F242-490E-87C9-B2DEA362D069}.Release|x64.ActiveCfg = Release|x64
		{FB33D744-F242-490E-87C9-B2DEA362D069}.Release|x64.Build.0 = Release|x64
		{FB33D744-F242-490E-87C9-B2DEA362D069}.Release|x86.ActiveCfg = Release|Win32
		{FB33D744-F242-490E-87C9-B2DEA362D069}.Release|x86.Build.0 = Release|Win32
	EndGlobalSection
	GlobalSection(SolutionProperties) = preSolution
		HideSolutionNode = FALSE
	EndGlobalSection
	GlobalSection(ExtensibilityGlobals) = postSolution
		SolutionGuid = {EABBAB34-FA8E-4A4E-8DD0-95EA3C57C056}
	EndGlobalSection
EndGlobal
