
Microsoft Visual Studio Solution File, Format Version 12.00
# Visual Studio 15
VisualStudioVersion = 15.0.27130.2027
MinimumVisualStudioVersion = 10.0.40219.1
Project("{8BC9CEB8-8B4A-11D0-8D11-00A0C91BC942}") = "Demo 2 - functiontemplate", "Cplusplus11demos\Cplusplus11demos.vcxproj", "{186C93E0-E6BF-49A9-BFDB-A0945B92EA12}"
EndProject
Project("{8BC9CEB8-8B4A-11D0-8D11-00A0C91BC942}") = "Demo 5 - uniquepointer", "uniquepointerdemo\uniquepointerdemo.vcxproj", "{FFB3E635-B6C1-4E02-B18C-875041A52A4C}"
EndProject
Project("{8BC9CEB8-8B4A-11D0-8D11-00A0C91BC942}") = "Demo 1 - autotype", "autotypedemo\autotypedemo.vcxproj", "{ECE1F334-A9F0-452D-AC41-7AC6E3CA2DFB}"
EndProject
Project("{8BC9CEB8-8B4A-11D0-8D11-00A0C91BC942}") = "Demo 7 - Constant Object-method", "Demo 7 - Constant Object-method\Demo 7 - Constant Object-method.vcxproj", "{83C79575-3AFF-4262-8FD2-FC0554A9BAC1}"
EndProject
Project("{8BC9CEB8-8B4A-11D0-8D11-00A0C91BC942}") = "Demo 8 - Assertion", "Demo 8 - Assertion\Demo 8 - Assertion.vcxproj", "{0A0F9E4A-EBD1-463E-9F97-69053E1A3D55}"
EndProject
Project("{8BC9CEB8-8B4A-11D0-8D11-00A0C91BC942}") = "Demo 9 - uniquepointer demo2", "Demo 9 - uniquepointer demo2\Demo 9 - uniquepointer demo2.vcxproj", "{38FFB9A3-BBD0-4128-AA5A-5349CB7079A9}"
EndProject
Project("{8BC9CEB8-8B4A-11D0-8D11-00A0C91BC942}") = "Demo 3 -move", "Demo 3 -move\Demo 3 -move.vcxproj", "{C848B9C1-EA6B-49BE-84B0-F44D7E02610D}"
EndProject
Project("{8BC9CEB8-8B4A-11D0-8D11-00A0C91BC942}") = "Demo 4 - map", "Demo 4 - map\Demo 4 - map.vcxproj", "{02DCD019-44CC-4E5E-876B-870F4A8EE001}"
EndProject
Project("{8BC9CEB8-8B4A-11D0-8D11-00A0C91BC942}") = "Demo 6  - RAII", "Demo 6  - RAII\Demo 6  - RAII.vcxproj", "{EDACAF3C-082A-4B0B-ACBF-E82193DF56FA}"
EndProject
Global
	GlobalSection(SolutionConfigurationPlatforms) = preSolution
		Debug|x64 = Debug|x64
		Debug|x86 = Debug|x86
		Release|x64 = Release|x64
		Release|x86 = Release|x86
	EndGlobalSection
	GlobalSection(ProjectConfigurationPlatforms) = postSolution
		{186C93E0-E6BF-49A9-BFDB-A0945B92EA12}.Debug|x64.ActiveCfg = Debug|x64
		{186C93E0-E6BF-49A9-BFDB-A0945B92EA12}.Debug|x64.Build.0 = Debug|x64
		{186C93E0-E6BF-49A9-BFDB-A0945B92EA12}.Debug|x86.ActiveCfg = Debug|Win32
		{186C93E0-E6BF-49A9-BFDB-A0945B92EA12}.Debug|x86.Build.0 = Debug|Win32
		{186C93E0-E6BF-49A9-BFDB-A0945B92EA12}.Release|x64.ActiveCfg = Release|x64
		{186C93E0-E6BF-49A9-BFDB-A0945B92EA12}.Release|x64.Build.0 = Release|x64
		{186C93E0-E6BF-49A9-BFDB-A0945B92EA12}.Release|x86.ActiveCfg = Release|Win32
		{186C93E0-E6BF-49A9-BFDB-A0945B92EA12}.Release|x86.Build.0 = Release|Win32
		{FFB3E635-B6C1-4E02-B18C-875041A52A4C}.Debug|x64.ActiveCfg = Debug|x64
		{FFB3E635-B6C1-4E02-B18C-875041A52A4C}.Debug|x64.Build.0 = Debug|x64
		{FFB3E635-B6C1-4E02-B18C-875041A52A4C}.Debug|x86.ActiveCfg = Debug|Win32
		{FFB3E635-B6C1-4E02-B18C-875041A52A4C}.Debug|x86.Build.0 = Debug|Win32
		{FFB3E635-B6C1-4E02-B18C-875041A52A4C}.Release|x64.ActiveCfg = Release|x64
		{FFB3E635-B6C1-4E02-B18C-875041A52A4C}.Release|x64.Build.0 = Release|x64
		{FFB3E635-B6C1-4E02-B18C-875041A52A4C}.Release|x86.ActiveCfg = Release|Win32
		{FFB3E635-B6C1-4E02-B18C-875041A52A4C}.Release|x86.Build.0 = Release|Win32
		{ECE1F334-A9F0-452D-AC41-7AC6E3CA2DFB}.Debug|x64.ActiveCfg = Debug|x64
		{ECE1F334-A9F0-452D-AC41-7AC6E3CA2DFB}.Debug|x64.Build.0 = Debug|x64
		{ECE1F334-A9F0-452D-AC41-7AC6E3CA2DFB}.Debug|x86.ActiveCfg = Debug|Win32
		{ECE1F334-A9F0-452D-AC41-7AC6E3CA2DFB}.Debug|x86.Build.0 = Debug|Win32
		{ECE1F334-A9F0-452D-AC41-7AC6E3CA2DFB}.Release|x64.ActiveCfg = Release|x64
		{ECE1F334-A9F0-452D-AC41-7AC6E3CA2DFB}.Release|x64.Build.0 = Release|x64
		{ECE1F334-A9F0-452D-AC41-7AC6E3CA2DFB}.Release|x86.ActiveCfg = Release|Win32
		{ECE1F334-A9F0-452D-AC41-7AC6E3CA2DFB}.Release|x86.Build.0 = Release|Win32
		{83C79575-3AFF-4262-8FD2-FC0554A9BAC1}.Debug|x64.ActiveCfg = Debug|x64
		{83C79575-3AFF-4262-8FD2-FC0554A9BAC1}.Debug|x64.Build.0 = Debug|x64
		{83C79575-3AFF-4262-8FD2-FC0554A9BAC1}.Debug|x86.ActiveCfg = Debug|Win32
		{83C79575-3AFF-4262-8FD2-FC0554A9BAC1}.Debug|x86.Build.0 = Debug|Win32
		{83C79575-3AFF-4262-8FD2-FC0554A9BAC1}.Release|x64.ActiveCfg = Release|x64
		{83C79575-3AFF-4262-8FD2-FC0554A9BAC1}.Release|x64.Build.0 = Release|x64
		{83C79575-3AFF-4262-8FD2-FC0554A9BAC1}.Release|x86.ActiveCfg = Release|Win32
		{83C79575-3AFF-4262-8FD2-FC0554A9BAC1}.Release|x86.Build.0 = Release|Win32
		{0A0F9E4A-EBD1-463E-9F97-69053E1A3D55}.Debug|x64.ActiveCfg = Debug|x64
		{0A0F9E4A-EBD1-463E-9F97-69053E1A3D55}.Debug|x64.Build.0 = Debug|x64
		{0A0F9E4A-EBD1-463E-9F97-69053E1A3D55}.Debug|x86.ActiveCfg = Debug|Win32
		{0A0F9E4A-EBD1-463E-9F97-69053E1A3D55}.Debug|x86.Build.0 = Debug|Win32
		{0A0F9E4A-EBD1-463E-9F97-69053E1A3D55}.Release|x64.ActiveCfg = Release|x64
		{0A0F9E4A-EBD1-463E-9F97-69053E1A3D55}.Release|x64.Build.0 = Release|x64
		{0A0F9E4A-EBD1-463E-9F97-69053E1A3D55}.Release|x86.ActiveCfg = Release|Win32
		{0A0F9E4A-EBD1-463E-9F97-69053E1A3D55}.Release|x86.Build.0 = Release|Win32
		{38FFB9A3-BBD0-4128-AA5A-5349CB7079A9}.Debug|x64.ActiveCfg = Debug|x64
		{38FFB9A3-BBD0-4128-AA5A-5349CB7079A9}.Debug|x64.Build.0 = Debug|x64
		{38FFB9A3-BBD0-4128-AA5A-5349CB7079A9}.Debug|x86.ActiveCfg = Debug|Win32
		{38FFB9A3-BBD0-4128-AA5A-5349CB7079A9}.Debug|x86.Build.0 = Debug|Win32
		{38FFB9A3-BBD0-4128-AA5A-5349CB7079A9}.Release|x64.ActiveCfg = Release|x64
		{38FFB9A3-BBD0-4128-AA5A-5349CB7079A9}.Release|x64.Build.0 = Release|x64
		{38FFB9A3-BBD0-4128-AA5A-5349CB7079A9}.Release|x86.ActiveCfg = Release|Win32
		{38FFB9A3-BBD0-4128-AA5A-5349CB7079A9}.Release|x86.Build.0 = Release|Win32
		{C848B9C1-EA6B-49BE-84B0-F44D7E02610D}.Debug|x64.ActiveCfg = Debug|x64
		{C848B9C1-EA6B-49BE-84B0-F44D7E02610D}.Debug|x64.Build.0 = Debug|x64
		{C848B9C1-EA6B-49BE-84B0-F44D7E02610D}.Debug|x86.ActiveCfg = Debug|Win32
		{C848B9C1-EA6B-49BE-84B0-F44D7E02610D}.Debug|x86.Build.0 = Debug|Win32
		{C848B9C1-EA6B-49BE-84B0-F44D7E02610D}.Release|x64.ActiveCfg = Release|x64
		{C848B9C1-EA6B-49BE-84B0-F44D7E02610D}.Release|x64.Build.0 = Release|x64
		{C848B9C1-EA6B-49BE-84B0-F44D7E02610D}.Release|x86.ActiveCfg = Release|Win32
		{C848B9C1-EA6B-49BE-84B0-F44D7E02610D}.Release|x86.Build.0 = Release|Win32
		{02DCD019-44CC-4E5E-876B-870F4A8EE001}.Debug|x64.ActiveCfg = Debug|x64
		{02DCD019-44CC-4E5E-876B-870F4A8EE001}.Debug|x64.Build.0 = Debug|x64
		{02DCD019-44CC-4E5E-876B-870F4A8EE001}.Debug|x86.ActiveCfg = Debug|Win32
		{02DCD019-44CC-4E5E-876B-870F4A8EE001}.Debug|x86.Build.0 = Debug|Win32
		{02DCD019-44CC-4E5E-876B-870F4A8EE001}.Release|x64.ActiveCfg = Release|x64
		{02DCD019-44CC-4E5E-876B-870F4A8EE001}.Release|x64.Build.0 = Release|x64
		{02DCD019-44CC-4E5E-876B-870F4A8EE001}.Release|x86.ActiveCfg = Release|Win32
		{02DCD019-44CC-4E5E-876B-870F4A8EE001}.Release|x86.Build.0 = Release|Win32
		{EDACAF3C-082A-4B0B-ACBF-E82193DF56FA}.Debug|x64.ActiveCfg = Debug|x64
		{EDACAF3C-082A-4B0B-ACBF-E82193DF56FA}.Debug|x64.Build.0 = Debug|x64
		{EDACAF3C-082A-4B0B-ACBF-E82193DF56FA}.Debug|x86.ActiveCfg = Debug|Win32
		{EDACAF3C-082A-4B0B-ACBF-E82193DF56FA}.Debug|x86.Build.0 = Debug|Win32
		{EDACAF3C-082A-4B0B-ACBF-E82193DF56FA}.Release|x64.ActiveCfg = Release|x64
		{EDACAF3C-082A-4B0B-ACBF-E82193DF56FA}.Release|x64.Build.0 = Release|x64
		{EDACAF3C-082A-4B0B-ACBF-E82193DF56FA}.Release|x86.ActiveCfg = Release|Win32
		{EDACAF3C-082A-4B0B-ACBF-E82193DF56FA}.Release|x86.Build.0 = Release|Win32
	EndGlobalSection
	GlobalSection(SolutionProperties) = preSolution
		HideSolutionNode = FALSE
	EndGlobalSection
	GlobalSection(ExtensibilityGlobals) = postSolution
		SolutionGuid = {221A7106-E278-4A95-8EEA-1022D58E6014}
	EndGlobalSection
EndGlobal
